
Microsoft Visual Studio Solution File, Format Version 12.00
# Visual Studio Version 16
VisualStudioVersion = 16.0.30320.27
MinimumVisualStudioVersion = 10.0.40219.1
Project("{FAE04EC0-301F-11D3-BF4B-00C04F79EFBC}") = "Wallpaper Engine Startup Fixer", "Wallpaper Engine Startup Fixer\Wallpaper Engine Startup Fixer.csproj", "{9E6E3B6E-C34B-4F7F-85DF-1DF71F28206C}"
EndProject
Global
	GlobalSection(SolutionConfigurationPlatforms) = preSolution
		Debug|Any CPU = Debug|Any CPU
		Release|Any CPU = Release|Any CPU
	EndGlobalSection
	GlobalSection(ProjectConfigurationPlatforms) = postSolution
		{9E6E3B6E-C34B-4F7F-85DF-1DF71F28206C}.Debug|Any CPU.ActiveCfg = Debug|Any CPU
		{9E6E3B6E-C34B-4F7F-85DF-1DF71F28206C}.Debug|Any CPU.Build.0 = Debug|Any CPU
		{9E6E3B6E-C34B-4F7F-85DF-1DF71F28206C}.Release|Any CPU.ActiveCfg = Release|Any CPU
		{9E6E3B6E-C34B-4F7F-85DF-1DF71F28206C}.Release|Any CPU.Build.0 = Release|Any CPU
	EndGlobalSection
	GlobalSection(SolutionProperties) = preSolution
		HideSolutionNode = FALSE
	EndGlobalSection
	GlobalSection(ExtensibilityGlobals) = postSolution
		SolutionGuid = {EBEC0297-76EF-470E-A04B-399ADE0D3AE9}
	EndGlobalSection
EndGlobal
